
Microsoft Visual Studio Solution File, Format Version 10.00
# Visual Studio 2008
Project("{FAE04EC0-301F-11D3-BF4B-00C04F79EFBC}") = "EasyChat_Server", "EasyChat_Server.csproj", "{9AD148FD-2589-48D4-A919-4351420847B3}"
EndProject
Global
	GlobalSection(SolutionConfigurationPlatforms) = preSolution
		Debug|Any CPU = Debug|Any CPU
		Release|Any CPU = Release|Any CPU
	EndGlobalSection
	GlobalSection(ProjectConfigurationPlatforms) = postSolution
		{9AD148FD-2589-48D4-A919-4351420847B3}.Debug|Any CPU.ActiveCfg = Debug|Any CPU
		{9AD148FD-2589-48D4-A919-4351420847B3}.Debug|Any CPU.Build.0 = Debug|Any CPU
		{9AD148FD-2589-48D4-A919-4351420847B3}.Release|Any CPU.ActiveCfg = Release|Any CPU
		{9AD148FD-2589-48D4-A919-4351420847B3}.Release|Any CPU.Build.0 = Release|Any CPU
	EndGlobalSection
	GlobalSection(SolutionProperties) = preSolution
		HideSolutionNode = FALSE
	EndGlobalSection
EndGlobal
